
Microsoft Visual Studio Solution File, Format Version 12.00
# Visual Studio 15
VisualStudioVersion = 15.0.28307.705
MinimumVisualStudioVersion = 10.0.40219.1
Project("{8BC9CEB8-8B4A-11D0-8D11-00A0C91BC942}") = "ProgrammingChallenge4", "ProgrammingChallenge4\ProgrammingChallenge4.vcxproj", "{88542DB2-21BE-43D0-B993-3B757D304F3F}"
EndProject
Global
	GlobalSection(SolutionConfigurationPlatforms) = preSolution
		Debug|x64 = Debug|x64
		Debug|x86 = Debug|x86
		Release|x64 = Release|x64
		Release|x86 = Release|x86
	EndGlobalSection
	GlobalSection(ProjectConfigurationPlatforms) = postSolution
		{88542DB2-21BE-43D0-B993-3B757D304F3F}.Debug|x64.ActiveCfg = Debug|x64
		{88542DB2-21BE-43D0-B993-3B757D304F3F}.Debug|x64.Build.0 = Debug|x64
		{88542DB2-21BE-43D0-B993-3B757D304F3F}.Debug|x86.ActiveCfg = Debug|Win32
		{88542DB2-21BE-43D0-B993-3B757D304F3F}.Debug|x86.Build.0 = Debug|Win32
		{88542DB2-21BE-43D0-B993-3B757D304F3F}.Release|x64.ActiveCfg = Release|x64
		{88542DB2-21BE-43D0-B993-3B757D304F3F}.Release|x64.Build.0 = Release|x64
		{88542DB2-21BE-43D0-B993-3B757D304F3F}.Release|x86.ActiveCfg = Release|Win32
		{88542DB2-21BE-43D0-B993-3B757D304F3F}.Release|x86.Build.0 = Release|Win32
	EndGlobalSection
	GlobalSection(SolutionProperties) = preSolution
		HideSolutionNode = FALSE
	EndGlobalSection
	GlobalSection(ExtensibilityGlobals) = postSolution
		SolutionGuid = {130CE64A-2E80-45C5-A3FA-3CAB14968088}
	EndGlobalSection
EndGlobal
